// !$*UTF8*$!
{
	archiveVersion = 1;
	classes = {
	};
	objectVersion = 50;
	objects = {

/* Begin PBXBuildFile section */
		639D1A6522A3AFC3007060FC /* AppDelegate.swift in Sources */ = {isa = PBXBuildFile; fileRef = 639D1A6422A3AFC3007060FC /* AppDelegate.swift */; };
		639D1A6A22A3AFC3007060FC /* Main.storyboard in Resources */ = {isa = PBXBuildFile; fileRef = 639D1A6822A3AFC3007060FC /* Main.storyboard */; };
		639D1A6D22A3AFC3007060FC /* MovieChart.xcdatamodeld in Sources */ = {isa = PBXBuildFile; fileRef = 639D1A6B22A3AFC3007060FC /* MovieChart.xcdatamodeld */; };
		639D1A6F22A3AFC5007060FC /* Assets.xcassets in Resources */ = {isa = PBXBuildFile; fileRef = 639D1A6E22A3AFC5007060FC /* Assets.xcassets */; };
		639D1A7222A3AFC5007060FC /* LaunchScreen.storyboard in Resources */ = {isa = PBXBuildFile; fileRef = 639D1A7022A3AFC5007060FC /* LaunchScreen.storyboard */; };
		639D1A7D22A3AFC5007060FC /* MovieChartTests.swift in Sources */ = {isa = PBXBuildFile; fileRef = 639D1A7C22A3AFC5007060FC /* MovieChartTests.swift */; };
		639D1A8822A3AFC5007060FC /* MovieChartUITests.swift in Sources */ = {isa = PBXBuildFile; fileRef = 639D1A8722A3AFC5007060FC /* MovieChartUITests.swift */; };
		639D1A9622A3B5B5007060FC /* ListViewController.swift in Sources */ = {isa = PBXBuildFile; fileRef = 639D1A9522A3B5B5007060FC /* ListViewController.swift */; };
		639D1A9822A3E906007060FC /* MovieVO.swift in Sources */ = {isa = PBXBuildFile; fileRef = 639D1A9722A3E906007060FC /* MovieVO.swift */; };
		639D1A9A22A582B9007060FC /* MovieCell.swift in Sources */ = {isa = PBXBuildFile; fileRef = 639D1A9922A582B9007060FC /* MovieCell.swift */; };
		639D1A9F22A61EA4007060FC /* rain.jpg in Resources */ = {isa = PBXBuildFile; fileRef = 639D1A9C22A61EA4007060FC /* rain.jpg */; };
		639D1AA022A61EA4007060FC /* darknight.jpg in Resources */ = {isa = PBXBuildFile; fileRef = 639D1A9D22A61EA4007060FC /* darknight.jpg */; };
		639D1AA122A61EA4007060FC /* secret.jpg in Resources */ = {isa = PBXBuildFile; fileRef = 639D1A9E22A61EA4007060FC /* secret.jpg */; };
		639D1B1F22AE5128007060FC /* DetailViewController.swift in Sources */ = {isa = PBXBuildFile; fileRef = 639D1B1E22AE5128007060FC /* DetailViewController.swift */; };
		639D1B2222AF8AE8007060FC /* WebKit.framework in Frameworks */ = {isa = PBXBuildFile; fileRef = 639D1B2122AF8AE8007060FC /* WebKit.framework */; };
/* End PBXBuildFile section */

/* Begin PBXContainerItemProxy section */
		639D1A7922A3AFC5007060FC /* PBXContainerItemProxy */ = {
			isa = PBXContainerItemProxy;
			containerPortal = 639D1A5922A3AFC3007060FC /* Project object */;
			proxyType = 1;
			remoteGlobalIDString = 639D1A6022A3AFC3007060FC;
			remoteInfo = MovieChart;
		};
		639D1A8422A3AFC5007060FC /* PBXContainerItemProxy */ = {
			isa = PBXContainerItemProxy;
			containerPortal = 639D1A5922A3AFC3007060FC /* Project object */;
			proxyType = 1;
			remoteGlobalIDString = 639D1A6022A3AFC3007060FC;
			remoteInfo = MovieChart;
		};
/* End PBXContainerItemProxy section */

/* Begin PBXFileReference section */
		639D1A6122A3AFC3007060FC /* MovieChart.app */ = {isa = PBXFileReference; explicitFileType = wrapper.application; includeInIndex = 0; path = MovieChart.app; sourceTree = BUILT_PRODUCTS_DIR; };
		639D1A6422A3AFC3007060FC /* AppDelegate.swift */ = {isa = PBXFileReference; lastKnownFileType = sourcecode.swift; path = AppDelegate.swift; sourceTree = "<group>"; };
		639D1A6922A3AFC3007060FC /* Base */ = {isa = PBXFileReference; lastKnownFileType = file.storyboard; name = Base; path = Base.lproj/Main.storyboard; sourceTree = "<group>"; };
		639D1A6C22A3AFC3007060FC /* MovieChart.xcdatamodel */ = {isa = PBXFileReference; lastKnownFileType = wrapper.xcdatamodel; path = MovieChart.xcdatamodel; sourceTree = "<group>"; };
		639D1A6E22A3AFC5007060FC /* Assets.xcassets */ = {isa = PBXFileReference; lastKnownFileType = folder.assetcatalog; path = Assets.xcassets; sourceTree = "<group>"; };
		639D1A7122A3AFC5007060FC /* Base */ = {isa = PBXFileReference; lastKnownFileType = file.storyboard; name = Base; path = Base.lproj/LaunchScreen.storyboard; sourceTree = "<group>"; };
		639D1A7322A3AFC5007060FC /* Info.plist */ = {isa = PBXFileReference; lastKnownFileType = text.plist.xml; path = Info.plist; sourceTree = "<group>"; };
		639D1A7822A3AFC5007060FC /* MovieChartTests.xctest */ = {isa = PBXFileReference; explicitFileType = wrapper.cfbundle; includeInIndex = 0; path = MovieChartTests.xctest; sourceTree = BUILT_PRODUCTS_DIR; };
		639D1A7C22A3AFC5007060FC /* MovieChartTests.swift */ = {isa = PBXFileReference; lastKnownFileType = sourcecode.swift; path = MovieChartTests.swift; sourceTree = "<group>"; };
		639D1A7E22A3AFC5007060FC /* Info.plist */ = {isa = PBXFileReference; lastKnownFileType = text.plist.xml; path = Info.plist; sourceTree = "<group>"; };
		639D1A8322A3AFC5007060FC /* MovieChartUITests.xctest */ = {isa = PBXFileReference; explicitFileType = wrapper.cfbundle; includeInIndex = 0; path = MovieChartUITests.xctest; sourceTree = BUILT_PRODUCTS_DIR; };
		639D1A8722A3AFC5007060FC /* MovieChartUITests.swift */ = {isa = PBXFileReference; lastKnownFileType = sourcecode.swift; path = MovieChartUITests.swift; sourceTree = "<group>"; };
		639D1A8922A3AFC5007060FC /* Info.plist */ = {isa = PBXFileReference; lastKnownFileType = text.plist.xml; path = Info.plist; sourceTree = "<group>"; };
		639D1A9522A3B5B5007060FC /* ListViewController.swift */ = {isa = PBXFileReference; lastKnownFileType = sourcecode.swift; path = ListViewController.swift; sourceTree = "<group>"; };
		639D1A9722A3E906007060FC /* MovieVO.swift */ = {isa = PBXFileReference; lastKnownFileType = sourcecode.swift; path = MovieVO.swift; sourceTree = "<group>"; };
		639D1A9922A582B9007060FC /* MovieCell.swift */ = {isa = PBXFileReference; lastKnownFileType = sourcecode.swift; path = MovieCell.swift; sourceTree = "<group>"; };
		639D1A9C22A61EA4007060FC /* rain.jpg */ = {isa = PBXFileReference; lastKnownFileType = image.jpeg; path = rain.jpg; sourceTree = "<group>"; };
		639D1A9D22A61EA4007060FC /* darknight.jpg */ = {isa = PBXFileReference; lastKnownFileType = image.jpeg; path = darknight.jpg; sourceTree = "<group>"; };
		639D1A9E22A61EA4007060FC /* secret.jpg */ = {isa = PBXFileReference; lastKnownFileType = image.jpeg; path = secret.jpg; sourceTree = "<group>"; };
		639D1B1E22AE5128007060FC /* DetailViewController.swift */ = {isa = PBXFileReference; lastKnownFileType = sourcecode.swift; path = DetailViewController.swift; sourceTree = "<group>"; };
		639D1B2122AF8AE8007060FC /* WebKit.framework */ = {isa = PBXFileReference; lastKnownFileType = wrapper.framework; name = WebKit.framework; path = System/Library/Frameworks/WebKit.framework; sourceTree = SDKROOT; };
/* End PBXFileReference section */

/* Begin PBXFrameworksBuildPhase section */
		639D1A5E22A3AFC3007060FC /* Frameworks */ = {
			isa = PBXFrameworksBuildPhase;
			buildActionMask = 2147483647;
			files = (
				639D1B2222AF8AE8007060FC /* WebKit.framework in Frameworks */,
			);
			runOnlyForDeploymentPostprocessing = 0;
		};
		639D1A7522A3AFC5007060FC /* Frameworks */ = {
			isa = PBXFrameworksBuildPhase;
			buildActionMask = 2147483647;
			files = (
			);
			runOnlyForDeploymentPostprocessing = 0;
		};
		639D1A8022A3AFC5007060FC /* Frameworks */ = {
			isa = PBXFrameworksBuildPhase;
			buildActionMask = 2147483647;
			files = (
			);
			runOnlyForDeploymentPostprocessing = 0;
		};
/* End PBXFrameworksBuildPhase section */

/* Begin PBXGroup section */
		639D1A5822A3AFC3007060FC = {
			isa = PBXGroup;
			children = (
				639D1A9B22A61806007060FC /* Resources */,
				639D1A6322A3AFC3007060FC /* MovieChart */,
				639D1A7B22A3AFC5007060FC /* MovieChartTests */,
				639D1A8622A3AFC5007060FC /* MovieChartUITests */,
				639D1A6222A3AFC3007060FC /* Products */,
				639D1B2022AF8AE8007060FC /* Frameworks */,
			);
			sourceTree = "<group>";
		};
		639D1A6222A3AFC3007060FC /* Products */ = {
			isa = PBXGroup;
			children = (
				639D1A6122A3AFC3007060FC /* MovieChart.app */,
				639D1A7822A3AFC5007060FC /* MovieChartTests.xctest */,
				639D1A8322A3AFC5007060FC /* MovieChartUITests.xctest */,
			);
			name = Products;
			sourceTree = "<group>";
		};
		639D1A6322A3AFC3007060FC /* MovieChart */ = {
			isa = PBXGroup;
			children = (
				639D1A6422A3AFC3007060FC /* AppDelegate.swift */,
				639D1A6822A3AFC3007060FC /* Main.storyboard */,
				639D1B1E22AE5128007060FC /* DetailViewController.swift */,
				639D1A9922A582B9007060FC /* MovieCell.swift */,
				639D1A9522A3B5B5007060FC /* ListViewController.swift */,
				639D1A9722A3E906007060FC /* MovieVO.swift */,
				639D1A6E22A3AFC5007060FC /* Assets.xcassets */,
				639D1A7022A3AFC5007060FC /* LaunchScreen.storyboard */,
				639D1A7322A3AFC5007060FC /* Info.plist */,
				639D1A6B22A3AFC3007060FC /* MovieChart.xcdatamodeld */,
			);
			path = MovieChart;
			sourceTree = "<group>";
		};
		639D1A7B22A3AFC5007060FC /* MovieChartTests */ = {
			isa = PBXGroup;
			children = (
				639D1A7C22A3AFC5007060FC /* MovieChartTests.swift */,
				639D1A7E22A3AFC5007060FC /* Info.plist */,
			);
			path = MovieChartTests;
			sourceTree = "<group>";
		};
		639D1A8622A3AFC5007060FC /* MovieChartUITests */ = {
			isa = PBXGroup;
			children = (
				639D1A8722A3AFC5007060FC /* MovieChartUITests.swift */,
				639D1A8922A3AFC5007060FC /* Info.plist */,
			);
			path = MovieChartUITests;
			sourceTree = "<group>";
		};
		639D1A9B22A61806007060FC /* Resources */ = {
			isa = PBXGroup;
			children = (
				639D1A9D22A61EA4007060FC /* darknight.jpg */,
				639D1A9C22A61EA4007060FC /* rain.jpg */,
				639D1A9E22A61EA4007060FC /* secret.jpg */,
			);
			path = Resources;
			sourceTree = "<group>";
		};
		639D1B2022AF8AE8007060FC /* Frameworks */ = {
			isa = PBXGroup;
			children = (
				639D1B2122AF8AE8007060FC /* WebKit.framework */,
			);
			name = Frameworks;
			sourceTree = "<group>";
		};
/* End PBXGroup section */

/* Begin PBXNativeTarget section */
		639D1A6022A3AFC3007060FC /* MovieChart */ = {
			isa = PBXNativeTarget;
			buildConfigurationList = 639D1A8C22A3AFC5007060FC /* Build configuration list for PBXNativeTarget "MovieChart" */;
			buildPhases = (
				639D1A5D22A3AFC3007060FC /* Sources */,
				639D1A5E22A3AFC3007060FC /* Frameworks */,
				639D1A5F22A3AFC3007060FC /* Resources */,
			);
			buildRules = (
			);
			dependencies = (
			);
			name = MovieChart;
			productName = MovieChart;
			productReference = 639D1A6122A3AFC3007060FC /* MovieChart.app */;
			productType = "com.apple.product-type.application";
		};
		639D1A7722A3AFC5007060FC /* MovieChartTests */ = {
			isa = PBXNativeTarget;
			buildConfigurationList = 639D1A8F22A3AFC5007060FC /* Build configuration list for PBXNativeTarget "MovieChartTests" */;
			buildPhases = (
				639D1A7422A3AFC5007060FC /* Sources */,
				639D1A7522A3AFC5007060FC /* Frameworks */,
				639D1A7622A3AFC5007060FC /* Resources */,
			);
			buildRules = (
			);
			dependencies = (
				639D1A7A22A3AFC5007060FC /* PBXTargetDependency */,
			);
			name = MovieChartTests;
			productName = MovieChartTests;
			productReference = 639D1A7822A3AFC5007060FC /* MovieChartTests.xctest */;
			productType = "com.apple.product-type.bundle.unit-test";
		};
		639D1A8222A3AFC5007060FC /* MovieChartUITests */ = {
			isa = PBXNativeTarget;
			buildConfigurationList = 639D1A9222A3AFC5007060FC /* Build configuration list for PBXNativeTarget "MovieChartUITests" */;
			buildPhases = (
				639D1A7F22A3AFC5007060FC /* Sources */,
				639D1A8022A3AFC5007060FC /* Frameworks */,
				639D1A8122A3AFC5007060FC /* Resources */,
			);
			buildRules = (
			);
			dependencies = (
				639D1A8522A3AFC5007060FC /* PBXTargetDependency */,
			);
			name = MovieChartUITests;
			productName = MovieChartUITests;
			productReference = 639D1A8322A3AFC5007060FC /* MovieChartUITests.xctest */;
			productType = "com.apple.product-type.bundle.ui-testing";
		};
/* End PBXNativeTarget section */

/* Begin PBXProject section */
		639D1A5922A3AFC3007060FC /* Project object */ = {
			isa = PBXProject;
			attributes = {
				LastSwiftUpdateCheck = 1020;
				LastUpgradeCheck = 1020;
				ORGANIZATIONNAME = "김재석";
				TargetAttributes = {
					639D1A6022A3AFC3007060FC = {
						CreatedOnToolsVersion = 10.2.1;
					};
					639D1A7722A3AFC5007060FC = {
						CreatedOnToolsVersion = 10.2.1;
						TestTargetID = 639D1A6022A3AFC3007060FC;
					};
					639D1A8222A3AFC5007060FC = {
						CreatedOnToolsVersion = 10.2.1;
						TestTargetID = 639D1A6022A3AFC3007060FC;
					};
				};
			};
			buildConfigurationList = 639D1A5C22A3AFC3007060FC /* Build configuration list for PBXProject "MovieChart" */;
			compatibilityVersion = "Xcode 9.3";
			developmentRegion = en;
			hasScannedForEncodings = 0;
			knownRegions = (
				en,
				Base,
			);
			mainGroup = 639D1A5822A3AFC3007060FC;
			productRefGroup = 639D1A6222A3AFC3007060FC /* Products */;
			projectDirPath = "";
			projectRoot = "";
			targets = (
				639D1A6022A3AFC3007060FC /* MovieChart */,
				639D1A7722A3AFC5007060FC /* MovieChartTests */,
				639D1A8222A3AFC5007060FC /* MovieChartUITests */,
			);
		};
/* End PBXProject section */

/* Begin PBXResourcesBuildPhase section */
		639D1A5F22A3AFC3007060FC /* Resources */ = {
			isa = PBXResourcesBuildPhase;
			buildActionMask = 2147483647;
			files = (
				639D1A7222A3AFC5007060FC /* LaunchScreen.storyboard in Resources */,
				639D1AA122A61EA4007060FC /* secret.jpg in Resources */,
				639D1A9F22A61EA4007060FC /* rain.jpg in Resources */,
				639D1A6F22A3AFC5007060FC /* Assets.xcassets in Resources */,
				639D1A6A22A3AFC3007060FC /* Main.storyboard in Resources */,
				639D1AA022A61EA4007060FC /* darknight.jpg in Resources */,
			);
			runOnlyForDeploymentPostprocessing = 0;
		};
		639D1A7622A3AFC5007060FC /* Resources */ = {
			isa = PBXResourcesBuildPhase;
			buildActionMask = 2147483647;
			files = (
			);
			runOnlyForDeploymentPostprocessing = 0;
		};
		639D1A8122A3AFC5007060FC /* Resources */ = {
			isa = PBXResourcesBuildPhase;
			buildActionMask = 2147483647;
			files = (
			);
			runOnlyForDeploymentPostprocessing = 0;
		};
/* End PBXResourcesBuildPhase section */

/* Begin PBXSourcesBuildPhase section */
		639D1A5D22A3AFC3007060FC /* Sources */ = {
			isa = PBXSourcesBuildPhase;
			buildActionMask = 2147483647;
			files = (
				639D1A6D22A3AFC3007060FC /* MovieChart.xcdatamodeld in Sources */,
				639D1A9622A3B5B5007060FC /* ListViewController.swift in Sources */,
				639D1A6522A3AFC3007060FC /* AppDelegate.swift in Sources */,
				639D1B1F22AE5128007060FC /* DetailViewController.swift in Sources */,
				639D1A9A22A582B9007060FC /* MovieCell.swift in Sources */,
				639D1A9822A3E906007060FC /* MovieVO.swift in Sources */,
			);
			runOnlyForDeploymentPostprocessing = 0;
		};
		639D1A7422A3AFC5007060FC /* Sources */ = {
			isa = PBXSourcesBuildPhase;
			buildActionMask = 2147483647;
			files = (
				639D1A7D22A3AFC5007060FC /* MovieChartTests.swift in Sources */,
			);
			runOnlyForDeploymentPostprocessing = 0;
		};
		639D1A7F22A3AFC5007060FC /* Sources */ = {
			isa = PBXSourcesBuildPhase;
			buildActionMask = 2147483647;
			files = (
				639D1A8822A3AFC5007060FC /* MovieChartUITests.swift in Sources */,
			);
			runOnlyForDeploymentPostprocessing = 0;
		};
/* End PBXSourcesBuildPhase section */

/* Begin PBXTargetDependency section */
		639D1A7A22A3AFC5007060FC /* PBXTargetDependency */ = {
			isa = PBXTargetDependency;
			target = 639D1A6022A3AFC3007060FC /* MovieChart */;
			targetProxy = 639D1A7922A3AFC5007060FC /* PBXContainerItemProxy */;
		};
		639D1A8522A3AFC5007060FC /* PBXTargetDependency */ = {
			isa = PBXTargetDependency;
			target = 639D1A6022A3AFC3007060FC /* MovieChart */;
			targetProxy = 639D1A8422A3AFC5007060FC /* PBXContainerItemProxy */;
		};
/* End PBXTargetDependency section */

/* Begin PBXVariantGroup section */
		639D1A6822A3AFC3007060FC /* Main.storyboard */ = {
			isa = PBXVariantGroup;
			children = (
				639D1A6922A3AFC3007060FC /* Base */,
			);
			name = Main.storyboard;
			sourceTree = "<group>";
		};
		639D1A7022A3AFC5007060FC /* LaunchScreen.storyboard */ = {
			isa = PBXVariantGroup;
			children = (
				639D1A7122A3AFC5007060FC /* Base */,
			);
			name = LaunchScreen.storyboard;
			sourceTree = "<group>";
		};
/* End PBXVariantGroup section */

/* Begin XCBuildConfiguration section */
		639D1A8A22A3AFC5007060FC /* Debug */ = {
			isa = XCBuildConfiguration;
			buildSettings = {
				ALWAYS_SEARCH_USER_PATHS = NO;
				CLANG_ANALYZER_NONNULL = YES;
				CLANG_ANALYZER_NUMBER_OBJECT_CONVERSION = YES_AGGRESSIVE;
				CLANG_CXX_LANGUAGE_STANDARD = "gnu++14";
				CLANG_CXX_LIBRARY = "libc++";
				CLANG_ENABLE_MODULES = YES;
				CLANG_ENABLE_OBJC_ARC = YES;
				CLANG_ENABLE_OBJC_WEAK = YES;
				CLANG_WARN_BLOCK_CAPTURE_AUTORELEASING = YES;
				CLANG_WARN_BOOL_CONVERSION = YES;
				CLANG_WARN_COMMA = YES;
				CLANG_WARN_CONSTANT_CONVERSION = YES;
				CLANG_WARN_DEPRECATED_OBJC_IMPLEMENTATIONS = YES;
				CLANG_WARN_DIRECT_OBJC_ISA_USAGE = YES_ERROR;
				CLANG_WARN_DOCUMENTATION_COMMENTS = YES;
				CLANG_WARN_EMPTY_BODY = YES;
				CLANG_WARN_ENUM_CONVERSION = YES;
				CLANG_WARN_INFINITE_RECURSION = YES;
				CLANG_WARN_INT_CONVERSION = YES;
				CLANG_WARN_NON_LITERAL_NULL_CONVERSION = YES;
				CLANG_WARN_OBJC_IMPLICIT_RETAIN_SELF = YES;
				CLANG_WARN_OBJC_LITERAL_CONVERSION = YES;
				CLANG_WARN_OBJC_ROOT_CLASS = YES_ERROR;
				CLANG_WARN_RANGE_LOOP_ANALYSIS = YES;
				CLANG_WARN_STRICT_PROTOTYPES = YES;
				CLANG_WARN_SUSPICIOUS_MOVE = YES;
				CLANG_WARN_UNGUARDED_AVAILABILITY = YES_AGGRESSIVE;
				CLANG_WARN_UNREACHABLE_CODE = YES;
				CLANG_WARN__DUPLICATE_METHOD_MATCH = YES;
				CODE_SIGN_IDENTITY = "iPhone Developer";
				COPY_PHASE_STRIP = NO;
				DEBUG_INFORMATION_FORMAT = dwarf;
				ENABLE_STRICT_OBJC_MSGSEND = YES;
				ENABLE_TESTABILITY = YES;
				GCC_C_LANGUAGE_STANDARD = gnu11;
				GCC_DYNAMIC_NO_PIC = NO;
				GCC_NO_COMMON_BLOCKS = YES;
				GCC_OPTIMIZATION_LEVEL = 0;
				GCC_PREPROCESSOR_DEFINITIONS = (
					"DEBUG=1",
					"$(inherited)",
				);
				GCC_WARN_64_TO_32_BIT_CONVERSION = YES;
				GCC_WARN_ABOUT_RETURN_TYPE = YES_ERROR;
				GCC_WARN_UNDECLARED_SELECTOR = YES;
				GCC_WARN_UNINITIALIZED_AUTOS = YES_AGGRESSIVE;
				GCC_WARN_UNUSED_FUNCTION = YES;
				GCC_WARN_UNUSED_VARIABLE = YES;
				IPHONEOS_DEPLOYMENT_TARGET = 12.2;
				MTL_ENABLE_DEBUG_INFO = INCLUDE_SOURCE;
				MTL_FAST_MATH = YES;
				ONLY_ACTIVE_ARCH = YES;
				SDKROOT = iphoneos;
				SWIFT_ACTIVE_COMPILATION_CONDITIONS = DEBUG;
				SWIFT_OPTIMIZATION_LEVEL = "-Onone";
			};
			name = Debug;
		};
		639D1A8B22A3AFC5007060FC /* Release */ = {
			isa = XCBuildConfiguration;
			buildSettings = {
				ALWAYS_SEARCH_USER_PATHS = NO;
				CLANG_ANALYZER_NONNULL = YES;
				CLANG_ANALYZER_NUMBER_OBJECT_CONVERSION = YES_AGGRESSIVE;
				CLANG_CXX_LANGUAGE_STANDARD = "gnu++14";
				CLANG_CXX_LIBRARY = "libc++";
				CLANG_ENABLE_MODULES = YES;
				CLANG_ENABLE_OBJC_ARC = YES;
				CLANG_ENABLE_OBJC_WEAK = YES;
				CLANG_WARN_BLOCK_CAPTURE_AUTORELEASING = YES;
				CLANG_WARN_BOOL_CONVERSION = YES;
				CLANG_WARN_COMMA = YES;
				CLANG_WARN_CONSTANT_CONVERSION = YES;
				CLANG_WARN_DEPRECATED_OBJC_IMPLEMENTATIONS = YES;
				CLANG_WARN_DIRECT_OBJC_ISA_USAGE = YES_ERROR;
				CLANG_WARN_DOCUMENTATION_COMMENTS = YES;
				CLANG_WARN_EMPTY_BODY = YES;
				CLANG_WARN_ENUM_CONVERSION = YES;
				CLANG_WARN_INFINITE_RECURSION = YES;
				CLANG_WARN_INT_CONVERSION = YES;
				CLANG_WARN_NON_LITERAL_NULL_CONVERSION = YES;
				CLANG_WARN_OBJC_IMPLICIT_RETAIN_SELF = YES;
				CLANG_WARN_OBJC_LITERAL_CONVERSION = YES;
				CLANG_WARN_OBJC_ROOT_CLASS = YES_ERROR;
				CLANG_WARN_RANGE_LOOP_ANALYSIS = YES;
				CLANG_WARN_STRICT_PROTOTYPES = YES;
				CLANG_WARN_SUSPICIOUS_MOVE = YES;
				CLANG_WARN_UNGUARDED_AVAILABILITY = YES_AGGRESSIVE;
				CLANG_WARN_UNREACHABLE_CODE = YES;
				CLANG_WARN__DUPLICATE_METHOD_MATCH = YES;
				CODE_SIGN_IDENTITY = "iPhone Developer";
				COPY_PHASE_STRIP = NO;
				DEBUG_INFORMATION_FORMAT = "dwarf-with-dsym";
				ENABLE_NS_ASSERTIONS = NO;
				ENABLE_STRICT_OBJC_MSGSEND = YES;
				GCC_C_LANGUAGE_STANDARD = gnu11;
				GCC_NO_COMMON_BLOCKS = YES;
				GCC_WARN_64_TO_32_BIT_CONVERSION = YES;
				GCC_WARN_ABOUT_RETURN_TYPE = YES_ERROR;
				GCC_WARN_UNDECLARED_SELECTOR = YES;
				GCC_WARN_UNINITIALIZED_AUTOS = YES_AGGRESSIVE;
				GCC_WARN_UNUSED_FUNCTION = YES;
				GCC_WARN_UNUSED_VARIABLE = YES;
				IPHONEOS_DEPLOYMENT_TARGET = 12.2;
				MTL_ENABLE_DEBUG_INFO = NO;
				MTL_FAST_MATH = YES;
				SDKROOT = iphoneos;
				SWIFT_COMPILATION_MODE = wholemodule;
				SWIFT_OPTIMIZATION_LEVEL = "-O";
				VALIDATE_PRODUCT = YES;
			};
			name = Release;
		};
		639D1A8D22A3AFC5007060FC /* Debug */ = {
			isa = XCBuildConfiguration;
			buildSettings = {
				ASSETCATALOG_COMPILER_APPICON_NAME = AppIcon;
				CODE_SIGN_STYLE = Automatic;
				DEVELOPMENT_TEAM = 48647M79X3;
				INFOPLIST_FILE = MovieChart/Info.plist;
				LD_RUNPATH_SEARCH_PATHS = (
					"$(inherited)",
					"@executable_path/Frameworks",
				);
				PRODUCT_BUNDLE_IDENTIFIER = com.MovieChart;
				PRODUCT_NAME = "$(TARGET_NAME)";
				SWIFT_VERSION = 5.0;
				TARGETED_DEVICE_FAMILY = "1,2";
			};
			name = Debug;
		};
		639D1A8E22A3AFC5007060FC /* Release */ = {
			isa = XCBuildConfiguration;
			buildSettings = {
				ASSETCATALOG_COMPILER_APPICON_NAME = AppIcon;
				CODE_SIGN_STYLE = Automatic;
				DEVELOPMENT_TEAM = 48647M79X3;
				INFOPLIST_FILE = MovieChart/Info.plist;
				LD_RUNPATH_SEARCH_PATHS = (
					"$(inherited)",
					"@executable_path/Frameworks",
				);
				PRODUCT_BUNDLE_IDENTIFIER = com.MovieChart;
				PRODUCT_NAME = "$(TARGET_NAME)";
				SWIFT_VERSION = 5.0;
				TARGETED_DEVICE_FAMILY = "1,2";
			};
			name = Release;
		};
		639D1A9022A3AFC5007060FC /* Debug */ = {
			isa = XCBuildConfiguration;
			buildSettings = {
				ALWAYS_EMBED_SWIFT_STANDARD_LIBRARIES = YES;
				BUNDLE_LOADER = "$(TEST_HOST)";
				CODE_SIGN_STYLE = Automatic;
				DEVELOPMENT_TEAM = 48647M79X3;
				INFOPLIST_FILE = MovieChartTests/Info.plist;
				LD_RUNPATH_SEARCH_PATHS = (
					"$(inherited)",
					"@executable_path/Frameworks",
					"@loader_path/Frameworks",
				);
				PRODUCT_BUNDLE_IDENTIFIER = com.MovieChartTests;
				PRODUCT_NAME = "$(TARGET_NAME)";
				SWIFT_VERSION = 5.0;
				TARGETED_DEVICE_FAMILY = "1,2";
				TEST_HOST = "$(BUILT_PRODUCTS_DIR)/MovieChart.app/MovieChart";
			};
			name = Debug;
		};
		639D1A9122A3AFC5007060FC /* Release */ = {
			isa = XCBuildConfiguration;
			buildSettings = {
				ALWAYS_EMBED_SWIFT_STANDARD_LIBRARIES = YES;
				BUNDLE_LOADER = "$(TEST_HOST)";
				CODE_SIGN_STYLE = Automatic;
				DEVELOPMENT_TEAM = 48647M79X3;
				INFOPLIST_FILE = MovieChartTests/Info.plist;
				LD_RUNPATH_SEARCH_PATHS = (
					"$(inherited)",
					"@executable_path/Frameworks",
					"@loader_path/Frameworks",
				);
				PRODUCT_BUNDLE_IDENTIFIER = com.MovieChartTests;
				PRODUCT_NAME = "$(TARGET_NAME)";
				SWIFT_VERSION = 5.0;
				TARGETED_DEVICE_FAMILY = "1,2";
				TEST_HOST = "$(BUILT_PRODUCTS_DIR)/MovieChart.app/MovieChart";
			};
			name = Release;
		};
		639D1A9322A3AFC5007060FC /* Debug */ = {
			isa = XCBuildConfiguration;
			buildSettings = {
				ALWAYS_EMBED_SWIFT_STANDARD_LIBRARIES = YES;
				CODE_SIGN_STYLE = Automatic;
				DEVELOPMENT_TEAM = 48647M79X3;
				INFOPLIST_FILE = MovieChartUITests/Info.plist;
				LD_RUNPATH_SEARCH_PATHS = (
					"$(inherited)",
					"@executable_path/Frameworks",
					"@loader_path/Frameworks",
				);
				PRODUCT_BUNDLE_IDENTIFIER = com.MovieChartUITests;
				PRODUCT_NAME = "$(TARGET_NAME)";
				SWIFT_VERSION = 5.0;
				TARGETED_DEVICE_FAMILY = "1,2";
				TEST_TARGET_NAME = MovieChart;
			};
			name = Debug;
		};
		639D1A9422A3AFC5007060FC /* Release */ = {
			isa = XCBuildConfiguration;
			buildSettings = {
				ALWAYS_EMBED_SWIFT_STANDARD_LIBRARIES = YES;
				CODE_SIGN_STYLE = Automatic;
				DEVELOPMENT_TEAM = 48647M79X3;
				INFOPLIST_FILE = MovieChartUITests/Info.plist;
				LD_RUNPATH_SEARCH_PATHS = (
					"$(inherited)",
					"@executable_path/Frameworks",
					"@loader_path/Frameworks",
				);
				PRODUCT_BUNDLE_IDENTIFIER = com.MovieChartUITests;
				PRODUCT_NAME = "$(TARGET_NAME)";
				SWIFT_VERSION = 5.0;
				TARGETED_DEVICE_FAMILY = "1,2";
				TEST_TARGET_NAME = MovieChart;
			};
			name = Release;
		};
/* End XCBuildConfiguration section */

/* Begin XCConfigurationList section */
		639D1A5C22A3AFC3007060FC /* Build configuration list for PBXProject "MovieChart" */ = {
			isa = XCConfigurationList;
			buildConfigurations = (
				639D1A8A22A3AFC5007060FC /* Debug */,
				639D1A8B22A3AFC5007060FC /* Release */,
			);
			defaultConfigurationIsVisible = 0;
			defaultConfigurationName = Release;
		};
		639D1A8C22A3AFC5007060FC /* Build configuration list for PBXNativeTarget "MovieChart" */ = {
			isa = XCConfigurationList;
			buildConfigurations = (
				639D1A8D22A3AFC5007060FC /* Debug */,
				639D1A8E22A3AFC5007060FC /* Release */,
			);
			defaultConfigurationIsVisible = 0;
			defaultConfigurationName = Release;
		};
		639D1A8F22A3AFC5007060FC /* Build configuration list for PBXNativeTarget "MovieChartTests" */ = {
			isa = XCConfigurationList;
			buildConfigurations = (
				639D1A9022A3AFC5007060FC /* Debug */,
				639D1A9122A3AFC5007060FC /* Release */,
			);
			defaultConfigurationIsVisible = 0;
			defaultConfigurationName = Release;
		};
		639D1A9222A3AFC5007060FC /* Build configuration list for PBXNativeTarget "MovieChartUITests" */ = {
			isa = XCConfigurationList;
			buildConfigurations = (
				639D1A9322A3AFC5007060FC /* Debug */,
				639D1A9422A3AFC5007060FC /* Release */,
			);
			defaultConfigurationIsVisible = 0;
			defaultConfigurationName = Release;
		};
/* End XCConfigurationList section */

/* Begin XCVersionGroup section */
		639D1A6B22A3AFC3007060FC /* MovieChart.xcdatamodeld */ = {
			isa = XCVersionGroup;
			children = (
				639D1A6C22A3AFC3007060FC /* MovieChart.xcdatamodel */,
			);
			currentVersion = 639D1A6C22A3AFC3007060FC /* MovieChart.xcdatamodel */;
			path = MovieChart.xcdatamodeld;
			sourceTree = "<group>";
			versionGroupType = wrapper.xcdatamodel;
		};
/* End XCVersionGroup section */
	};
	rootObject = 639D1A5922A3AFC3007060FC /* Project object */;
}
